
Microsoft Visual Studio Solution File, Format Version 12.00
# Visual Studio Version 17
VisualStudioVersion = 17.5.002.0
MinimumVisualStudioVersion = 10.0.40219.1
Project("{9A19103F-16F7-4668-BE54-9A1E7A4F7556}") = "Web", "Web\Web.csproj", "{AA6E56C8-B804-4888-9E32-536961C2080E}"
EndProject
Project("{9A19103F-16F7-4668-BE54-9A1E7A4F7556}") = "Application", "Application\Application.csproj", "{C8D233B1-8C9A-429E-A733-6C30E79027B1}"
EndProject
Project("{9A19103F-16F7-4668-BE54-9A1E7A4F7556}") = "Infrastructure", "Infrastructure\Infrastructure.csproj", "{1510240C-C168-4F59-BE24-372B9F67506A}"
EndProject
Project("{9A19103F-16F7-4668-BE54-9A1E7A4F7556}") = "Domain", "Domain\Domain.csproj", "{026AA357-89FC-4E54-A3D3-0DBCD899E06F}"
EndProject
Global
	GlobalSection(SolutionConfigurationPlatforms) = preSolution
		Debug|Any CPU = Debug|Any CPU
		Release|Any CPU = Release|Any CPU
	EndGlobalSection
	GlobalSection(ProjectConfigurationPlatforms) = postSolution
		{AA6E56C8-B804-4888-9E32-536961C2080E}.Debug|Any CPU.ActiveCfg = Debug|Any CPU
		{AA6E56C8-B804-4888-9E32-536961C2080E}.Debug|Any CPU.Build.0 = Debug|Any CPU
		{AA6E56C8-B804-4888-9E32-536961C2080E}.Release|Any CPU.ActiveCfg = Release|Any CPU
		{AA6E56C8-B804-4888-9E32-536961C2080E}.Release|Any CPU.Build.0 = Release|Any CPU
		{C8D233B1-8C9A-429E-A733-6C30E79027B1}.Debug|Any CPU.ActiveCfg = Debug|Any CPU
		{C8D233B1-8C9A-429E-A733-6C30E79027B1}.Debug|Any CPU.Build.0 = Debug|Any CPU
		{C8D233B1-8C9A-429E-A733-6C30E79027B1}.Release|Any CPU.ActiveCfg = Release|Any CPU
		{C8D233B1-8C9A-429E-A733-6C30E79027B1}.Release|Any CPU.Build.0 = Release|Any CPU
		{1510240C-C168-4F59-BE24-372B9F67506A}.Debug|Any CPU.ActiveCfg = Debug|Any CPU
		{1510240C-C168-4F59-BE24-372B9F67506A}.Debug|Any CPU.Build.0 = Debug|Any CPU
		{1510240C-C168-4F59-BE24-372B9F67506A}.Release|Any CPU.ActiveCfg = Release|Any CPU
		{1510240C-C168-4F59-BE24-372B9F67506A}.Release|Any CPU.Build.0 = Release|Any CPU
		{026AA357-89FC-4E54-A3D3-0DBCD899E06F}.Debug|Any CPU.ActiveCfg = Debug|Any CPU
		{026AA357-89FC-4E54-A3D3-0DBCD899E06F}.Debug|Any CPU.Build.0 = Debug|Any CPU
		{026AA357-89FC-4E54-A3D3-0DBCD899E06F}.Release|Any CPU.ActiveCfg = Release|Any CPU
		{026AA357-89FC-4E54-A3D3-0DBCD899E06F}.Release|Any CPU.Build.0 = Release|Any CPU
	EndGlobalSection
	GlobalSection(SolutionProperties) = preSolution
		HideSolutionNode = FALSE
	EndGlobalSection
	GlobalSection(ExtensibilityGlobals) = postSolution
		SolutionGuid = {1DD27961-E337-43B8-AE2A-204C8A9750B5}
	EndGlobalSection
EndGlobal
